
Microsoft Visual Studio Solution File, Format Version 12.00
# Visual Studio Version 17
VisualStudioVersion = 17.10.35122.118
MinimumVisualStudioVersion = 10.0.40219.1
Project("{FAE04EC0-301F-11D3-BF4B-00C04F79EFBC}") = "roman-to-integer", "roman-to-integer\roman-to-integer.csproj", "{85373FA9-2B2A-4506-A362-26A3BA38DB3D}"
EndProject
Global
	GlobalSection(SolutionConfigurationPlatforms) = preSolution
		Debug|Any CPU = Debug|Any CPU
		Release|Any CPU = Release|Any CPU
	EndGlobalSection
	GlobalSection(ProjectConfigurationPlatforms) = postSolution
		{85373FA9-2B2A-4506-A362-26A3BA38DB3D}.Debug|Any CPU.ActiveCfg = Debug|Any CPU
		{85373FA9-2B2A-4506-A362-26A3BA38DB3D}.Debug|Any CPU.Build.0 = Debug|Any CPU
		{85373FA9-2B2A-4506-A362-26A3BA38DB3D}.Release|Any CPU.ActiveCfg = Release|Any CPU
		{85373FA9-2B2A-4506-A362-26A3BA38DB3D}.Release|Any CPU.Build.0 = Release|Any CPU
	EndGlobalSection
	GlobalSection(SolutionProperties) = preSolution
		HideSolutionNode = FALSE
	EndGlobalSection
	GlobalSection(ExtensibilityGlobals) = postSolution
		SolutionGuid = {E3B1B0C7-1FCC-4949-BE3F-B4D4C0F24274}
	EndGlobalSection
EndGlobal
